
Microsoft Visual Studio Solution File, Format Version 12.00
Project("{FAE04EC0-301F-11D3-BF4B-00C04F79EFBC}") = "CreditCardEventPaymentsWorker", "src\CreditCardEventPaymentsWorker\CreditCardEventPaymentsWorker.csproj", "{AF0E232E-BBD6-4575-A45A-F5D78F14957C}"
EndProject
Project("{2150E333-8FDC-42A3-9474-1A3956D46DE8}") = "src", "src", "{8B5A43DE-1168-4D53-B997-4A9BAB4CBDBD}"
EndProject
Project("{2150E333-8FDC-42A3-9474-1A3956D46DE8}") = "tests", "tests", "{16249B7F-9638-4A08-A9ED-86DE2C0394D4}"
EndProject
Project("{FAE04EC0-301F-11D3-BF4B-00C04F79EFBC}") = "DirectBookingContracts", "tests\DirectBookingContracts\DirectBookingContracts.csproj", "{0C385EDA-3CF4-4571-A8F7-49C9A7943B62}"
EndProject
Project("{FAE04EC0-301F-11D3-BF4B-00C04F79EFBC}") = "MessageSchemaRepository", "tests\MessageSchemaRepository\MessageSchemaRepository.csproj", "{32B1C4EF-5C61-470D-BBD0-3A234A98F4BB}"
EndProject
Project("{FAE04EC0-301F-11D3-BF4B-00C04F79EFBC}") = "DirectBookingEventConsumerContracts", "tests\DirectBookingEventConsumerContracts\DirectBookingEventConsumerContracts.csproj", "{71543C95-2C13-49B0-BA7D-09E5C0E46D82}"
EndProject
Project("{FAE04EC0-301F-11D3-BF4B-00C04F79EFBC}") = "Accounts", "src\Accounts\Accounts.csproj", "{813CE21B-2553-487C-A758-F47534A10FF0}"
EndProject
Project("{FAE04EC0-301F-11D3-BF4B-00C04F79EFBC}") = "DirectBooking", "src\DirectBooking\DirectBooking.csproj", "{769D6167-0838-45E5-BDB0-53485DAFF6F0}"
EndProject
Project("{FAE04EC0-301F-11D3-BF4B-00C04F79EFBC}") = "CreditCardPayments", "src\CreditCardPayments\CreditCardPayments.csproj", "{D0BBD7AD-763E-4AC9-8051-B9B08DB36A61}"
EndProject
Project("{FAE04EC0-301F-11D3-BF4B-00C04F79EFBC}") = "JustRoomsTests", "tests\JustRoomsTests\JustRoomsTests.csproj", "{43596797-7D89-47D8-AC1A-0FE461E14ED1}"
EndProject
Project("{FAE04EC0-301F-11D3-BF4B-00C04F79EFBC}") = "AccountsStreamPublisher", "src\AccountsStreamPublisher\AccountsStreamPublisher.csproj", "{EE366E26-19B1-4227-B8ED-63CBD08C7EF5}"
EndProject
Project("{FAE04EC0-301F-11D3-BF4B-00C04F79EFBC}") = "CreditCardsAccountStreamReader", "src\CreditCardsAccountStreamReader\CreditCardsAccountStreamReader.csproj", "{75B1BA65-DD64-43F8-87DC-7687DDE93558}"
EndProject
Global
	GlobalSection(SolutionConfigurationPlatforms) = preSolution
		Debug|Any CPU = Debug|Any CPU
		Release|Any CPU = Release|Any CPU
	EndGlobalSection
	GlobalSection(ProjectConfigurationPlatforms) = postSolution
		{AF0E232E-BBD6-4575-A45A-F5D78F14957C}.Debug|Any CPU.ActiveCfg = Debug|Any CPU
		{AF0E232E-BBD6-4575-A45A-F5D78F14957C}.Debug|Any CPU.Build.0 = Debug|Any CPU
		{AF0E232E-BBD6-4575-A45A-F5D78F14957C}.Release|Any CPU.ActiveCfg = Release|Any CPU
		{AF0E232E-BBD6-4575-A45A-F5D78F14957C}.Release|Any CPU.Build.0 = Release|Any CPU
		{0C385EDA-3CF4-4571-A8F7-49C9A7943B62}.Debug|Any CPU.ActiveCfg = Debug|Any CPU
		{0C385EDA-3CF4-4571-A8F7-49C9A7943B62}.Debug|Any CPU.Build.0 = Debug|Any CPU
		{0C385EDA-3CF4-4571-A8F7-49C9A7943B62}.Release|Any CPU.ActiveCfg = Release|Any CPU
		{0C385EDA-3CF4-4571-A8F7-49C9A7943B62}.Release|Any CPU.Build.0 = Release|Any CPU
		{32B1C4EF-5C61-470D-BBD0-3A234A98F4BB}.Debug|Any CPU.ActiveCfg = Debug|Any CPU
		{32B1C4EF-5C61-470D-BBD0-3A234A98F4BB}.Debug|Any CPU.Build.0 = Debug|Any CPU
		{32B1C4EF-5C61-470D-BBD0-3A234A98F4BB}.Release|Any CPU.ActiveCfg = Release|Any CPU
		{32B1C4EF-5C61-470D-BBD0-3A234A98F4BB}.Release|Any CPU.Build.0 = Release|Any CPU
		{71543C95-2C13-49B0-BA7D-09E5C0E46D82}.Debug|Any CPU.ActiveCfg = Debug|Any CPU
		{71543C95-2C13-49B0-BA7D-09E5C0E46D82}.Debug|Any CPU.Build.0 = Debug|Any CPU
		{71543C95-2C13-49B0-BA7D-09E5C0E46D82}.Release|Any CPU.ActiveCfg = Release|Any CPU
		{71543C95-2C13-49B0-BA7D-09E5C0E46D82}.Release|Any CPU.Build.0 = Release|Any CPU
		{813CE21B-2553-487C-A758-F47534A10FF0}.Debug|Any CPU.ActiveCfg = Debug|Any CPU
		{813CE21B-2553-487C-A758-F47534A10FF0}.Debug|Any CPU.Build.0 = Debug|Any CPU
		{813CE21B-2553-487C-A758-F47534A10FF0}.Release|Any CPU.ActiveCfg = Release|Any CPU
		{813CE21B-2553-487C-A758-F47534A10FF0}.Release|Any CPU.Build.0 = Release|Any CPU
		{769D6167-0838-45E5-BDB0-53485DAFF6F0}.Debug|Any CPU.ActiveCfg = Debug|Any CPU
		{769D6167-0838-45E5-BDB0-53485DAFF6F0}.Debug|Any CPU.Build.0 = Debug|Any CPU
		{769D6167-0838-45E5-BDB0-53485DAFF6F0}.Release|Any CPU.ActiveCfg = Release|Any CPU
		{769D6167-0838-45E5-BDB0-53485DAFF6F0}.Release|Any CPU.Build.0 = Release|Any CPU
		{D0BBD7AD-763E-4AC9-8051-B9B08DB36A61}.Debug|Any CPU.ActiveCfg = Debug|Any CPU
		{D0BBD7AD-763E-4AC9-8051-B9B08DB36A61}.Debug|Any CPU.Build.0 = Debug|Any CPU
		{D0BBD7AD-763E-4AC9-8051-B9B08DB36A61}.Release|Any CPU.ActiveCfg = Release|Any CPU
		{D0BBD7AD-763E-4AC9-8051-B9B08DB36A61}.Release|Any CPU.Build.0 = Release|Any CPU
		{43596797-7D89-47D8-AC1A-0FE461E14ED1}.Debug|Any CPU.ActiveCfg = Debug|Any CPU
		{43596797-7D89-47D8-AC1A-0FE461E14ED1}.Debug|Any CPU.Build.0 = Debug|Any CPU
		{43596797-7D89-47D8-AC1A-0FE461E14ED1}.Release|Any CPU.ActiveCfg = Release|Any CPU
		{43596797-7D89-47D8-AC1A-0FE461E14ED1}.Release|Any CPU.Build.0 = Release|Any CPU
		{EE366E26-19B1-4227-B8ED-63CBD08C7EF5}.Debug|Any CPU.ActiveCfg = Debug|Any CPU
		{EE366E26-19B1-4227-B8ED-63CBD08C7EF5}.Debug|Any CPU.Build.0 = Debug|Any CPU
		{EE366E26-19B1-4227-B8ED-63CBD08C7EF5}.Release|Any CPU.ActiveCfg = Release|Any CPU
		{EE366E26-19B1-4227-B8ED-63CBD08C7EF5}.Release|Any CPU.Build.0 = Release|Any CPU
		{75B1BA65-DD64-43F8-87DC-7687DDE93558}.Debug|Any CPU.ActiveCfg = Debug|Any CPU
		{75B1BA65-DD64-43F8-87DC-7687DDE93558}.Debug|Any CPU.Build.0 = Debug|Any CPU
		{75B1BA65-DD64-43F8-87DC-7687DDE93558}.Release|Any CPU.ActiveCfg = Release|Any CPU
		{75B1BA65-DD64-43F8-87DC-7687DDE93558}.Release|Any CPU.Build.0 = Release|Any CPU
	EndGlobalSection
	GlobalSection(NestedProjects) = preSolution
		{AF0E232E-BBD6-4575-A45A-F5D78F14957C} = {8B5A43DE-1168-4D53-B997-4A9BAB4CBDBD}
		{0C385EDA-3CF4-4571-A8F7-49C9A7943B62} = {16249B7F-9638-4A08-A9ED-86DE2C0394D4}
		{32B1C4EF-5C61-470D-BBD0-3A234A98F4BB} = {16249B7F-9638-4A08-A9ED-86DE2C0394D4}
		{71543C95-2C13-49B0-BA7D-09E5C0E46D82} = {16249B7F-9638-4A08-A9ED-86DE2C0394D4}
		{813CE21B-2553-487C-A758-F47534A10FF0} = {8B5A43DE-1168-4D53-B997-4A9BAB4CBDBD}
		{769D6167-0838-45E5-BDB0-53485DAFF6F0} = {8B5A43DE-1168-4D53-B997-4A9BAB4CBDBD}
		{D0BBD7AD-763E-4AC9-8051-B9B08DB36A61} = {8B5A43DE-1168-4D53-B997-4A9BAB4CBDBD}
		{43596797-7D89-47D8-AC1A-0FE461E14ED1} = {16249B7F-9638-4A08-A9ED-86DE2C0394D4}
		{EE366E26-19B1-4227-B8ED-63CBD08C7EF5} = {8B5A43DE-1168-4D53-B997-4A9BAB4CBDBD}
		{75B1BA65-DD64-43F8-87DC-7687DDE93558} = {8B5A43DE-1168-4D53-B997-4A9BAB4CBDBD}
	EndGlobalSection
EndGlobal
